
Microsoft Visual Studio Solution File, Format Version 12.00
# Visual Studio Version 16
VisualStudioVersion = 16.0.31624.102
MinimumVisualStudioVersion = 10.0.40219.1
Project("{FAE04EC0-301F-11D3-BF4B-00C04F79EFBC}") = "Training_Management_System", "Training_Management_System.csproj", "{558ECAB9-CA20-434A-B882-C45A801232C9}"
EndProject
Global
	GlobalSection(SolutionConfigurationPlatforms) = preSolution
		Debug|Any CPU = Debug|Any CPU
		Release|Any CPU = Release|Any CPU
	EndGlobalSection
	GlobalSection(ProjectConfigurationPlatforms) = postSolution
		{558ECAB9-CA20-434A-B882-C45A801232C9}.Debug|Any CPU.ActiveCfg = Debug|Any CPU
		{558ECAB9-CA20-434A-B882-C45A801232C9}.Debug|Any CPU.Build.0 = Debug|Any CPU
		{558ECAB9-CA20-434A-B882-C45A801232C9}.Release|Any CPU.ActiveCfg = Release|Any CPU
		{558ECAB9-CA20-434A-B882-C45A801232C9}.Release|Any CPU.Build.0 = Release|Any CPU
	EndGlobalSection
	GlobalSection(SolutionProperties) = preSolution
		HideSolutionNode = FALSE
	EndGlobalSection
	GlobalSection(ExtensibilityGlobals) = postSolution
		SolutionGuid = {5D51E381-3ACD-4196-B154-8D3110F130B7}
	EndGlobalSection
EndGlobal
